// !$*UTF8*$!
{
	archiveVersion = 1;
	classes = {
	};
	objectVersion = 50;
	objects = {

/* Begin PBXBuildFile section */
		41175ABC243FDB3C0072DF1F /* AppDelegate.swift in Sources */ = {isa = PBXBuildFile; fileRef = 41175ABB243FDB3C0072DF1F /* AppDelegate.swift */; };
		41175ABE243FDB3C0072DF1F /* SceneDelegate.swift in Sources */ = {isa = PBXBuildFile; fileRef = 41175ABD243FDB3C0072DF1F /* SceneDelegate.swift */; };
		41175AC0243FDB3C0072DF1F /* ViewController.swift in Sources */ = {isa = PBXBuildFile; fileRef = 41175ABF243FDB3C0072DF1F /* ViewController.swift */; };
		41175AC3243FDB3C0072DF1F /* Main.storyboard in Resources */ = {isa = PBXBuildFile; fileRef = 41175AC1243FDB3C0072DF1F /* Main.storyboard */; };
		41175AC5243FDB440072DF1F /* Assets.xcassets in Resources */ = {isa = PBXBuildFile; fileRef = 41175AC4243FDB440072DF1F /* Assets.xcassets */; };
		41175AC8243FDB440072DF1F /* LaunchScreen.storyboard in Resources */ = {isa = PBXBuildFile; fileRef = 41175AC6243FDB440072DF1F /* LaunchScreen.storyboard */; };
		41175AD02440F5A30072DF1F /* DataModel.swift in Sources */ = {isa = PBXBuildFile; fileRef = 41175ACF2440F5A30072DF1F /* DataModel.swift */; };
/* End PBXBuildFile section */

/* Begin PBXFileReference section */
		41175AB8243FDB3C0072DF1F /* TheFood.app */ = {isa = PBXFileReference; explicitFileType = wrapper.application; includeInIndex = 0; path = TheFood.app; sourceTree = BUILT_PRODUCTS_DIR; };
		41175ABB243FDB3C0072DF1F /* AppDelegate.swift */ = {isa = PBXFileReference; lastKnownFileType = sourcecode.swift; path = AppDelegate.swift; sourceTree = "<group>"; };
		41175ABD243FDB3C0072DF1F /* SceneDelegate.swift */ = {isa = PBXFileReference; lastKnownFileType = sourcecode.swift; path = SceneDelegate.swift; sourceTree = "<group>"; };
		41175ABF243FDB3C0072DF1F /* ViewController.swift */ = {isa = PBXFileReference; lastKnownFileType = sourcecode.swift; path = ViewController.swift; sourceTree = "<group>"; };
		41175AC2243FDB3C0072DF1F /* Base */ = {isa = PBXFileReference; lastKnownFileType = file.storyboard; name = Base; path = Base.lproj/Main.storyboard; sourceTree = "<group>"; };
		41175AC4243FDB440072DF1F /* Assets.xcassets */ = {isa = PBXFileReference; lastKnownFileType = folder.assetcatalog; path = Assets.xcassets; sourceTree = "<group>"; };
		41175AC7243FDB440072DF1F /* Base */ = {isa = PBXFileReference; lastKnownFileType = file.storyboard; name = Base; path = Base.lproj/LaunchScreen.storyboard; sourceTree = "<group>"; };
		41175AC9243FDB440072DF1F /* Info.plist */ = {isa = PBXFileReference; lastKnownFileType = text.plist.xml; path = Info.plist; sourceTree = "<group>"; };
		41175ACF2440F5A30072DF1F /* DataModel.swift */ = {isa = PBXFileReference; lastKnownFileType = sourcecode.swift; path = DataModel.swift; sourceTree = "<group>"; };
/* End PBXFileReference section */

/* Begin PBXFrameworksBuildPhase section */
		41175AB5243FDB3C0072DF1F /* Frameworks */ = {
			isa = PBXFrameworksBuildPhase;
			buildActionMask = 2147483647;
			files = (
			);
			runOnlyForDeploymentPostprocessing = 0;
		};
/* End PBXFrameworksBuildPhase section */

/* Begin PBXGroup section */
		41175AAF243FDB3C0072DF1F = {
			isa = PBXGroup;
			children = (
				41175ABA243FDB3C0072DF1F /* TheFood */,
				41175AB9243FDB3C0072DF1F /* Products */,
			);
			sourceTree = "<group>";
		};
		41175AB9243FDB3C0072DF1F /* Products */ = {
			isa = PBXGroup;
			children = (
				41175AB8243FDB3C0072DF1F /* TheFood.app */,
			);
			name = Products;
			sourceTree = "<group>";
		};
		41175ABA243FDB3C0072DF1F /* TheFood */ = {
			isa = PBXGroup;
			children = (
				41175ABB243FDB3C0072DF1F /* AppDelegate.swift */,
				41175ABD243FDB3C0072DF1F /* SceneDelegate.swift */,
				41175ABF243FDB3C0072DF1F /* ViewController.swift */,
				41175ACF2440F5A30072DF1F /* DataModel.swift */,
				41175AC1243FDB3C0072DF1F /* Main.storyboard */,
				41175AC4243FDB440072DF1F /* Assets.xcassets */,
				41175AC6243FDB440072DF1F /* LaunchScreen.storyboard */,
				41175AC9243FDB440072DF1F /* Info.plist */,
			);
			path = TheFood;
			sourceTree = "<group>";
		};
/* End PBXGroup section */

/* Begin PBXNativeTarget section */
		41175AB7243FDB3C0072DF1F /* TheFood */ = {
			isa = PBXNativeTarget;
			buildConfigurationList = 41175ACC243FDB440072DF1F /* Build configuration list for PBXNativeTarget "TheFood" */;
			buildPhases = (
				41175AB4243FDB3C0072DF1F /* Sources */,
				41175AB5243FDB3C0072DF1F /* Frameworks */,
				41175AB6243FDB3C0072DF1F /* Resources */,
			);
			buildRules = (
			);
			dependencies = (
			);
			name = TheFood;
			productName = TheFood;
			productReference = 41175AB8243FDB3C0072DF1F /* TheFood.app */;
			productType = "com.apple.product-type.application";
		};
/* End PBXNativeTarget section */

/* Begin PBXProject section */
		41175AB0243FDB3C0072DF1F /* Project object */ = {
			isa = PBXProject;
			attributes = {
				LastSwiftUpdateCheck = 1130;
				LastUpgradeCheck = 1130;
				ORGANIZATIONNAME = "Nenad Matic";
				TargetAttributes = {
					41175AB7243FDB3C0072DF1F = {
						CreatedOnToolsVersion = 11.3.1;
					};
				};
			};
			buildConfigurationList = 41175AB3243FDB3C0072DF1F /* Build configuration list for PBXProject "TheFood" */;
			compatibilityVersion = "Xcode 9.3";
			developmentRegion = en;
			hasScannedForEncodings = 0;
			knownRegions = (
				en,
				Base,
			);
			mainGroup = 41175AAF243FDB3C0072DF1F;
			productRefGroup = 41175AB9243FDB3C0072DF1F /* Products */;
			projectDirPath = "";
			projectRoot = "";
			targets = (
				41175AB7243FDB3C0072DF1F /* TheFood */,
			);
		};
/* End PBXProject section */

/* Begin PBXResourcesBuildPhase section */
		41175AB6243FDB3C0072DF1F /* Resources */ = {
			isa = PBXResourcesBuildPhase;
			buildActionMask = 2147483647;
			files = (
				41175AC8243FDB440072DF1F /* LaunchScreen.storyboard in Resources */,
				41175AC5243FDB440072DF1F /* Assets.xcassets in Resources */,
				41175AC3243FDB3C0072DF1F /* Main.storyboard in Resources */,
			);
			runOnlyForDeploymentPostprocessing = 0;
		};
/* End PBXResourcesBuildPhase section */

/* Begin PBXSourcesBuildPhase section */
		41175AB4243FDB3C0072DF1F /* Sources */ = {
			isa = PBXSourcesBuildPhase;
			buildActionMask = 2147483647;
			files = (
				41175AC0243FDB3C0072DF1F /* ViewController.swift in Sources */,
				41175AD02440F5A30072DF1F /* DataModel.swift in Sources */,
				41175ABC243FDB3C0072DF1F /* AppDelegate.swift in Sources */,
				41175ABE243FDB3C0072DF1F /* SceneDelegate.swift in Sources */,
			);
			runOnlyForDeploymentPostprocessing = 0;
		};
/* End PBXSourcesBuildPhase section */

/* Begin PBXVariantGroup section */
		41175AC1243FDB3C0072DF1F /* Main.storyboard */ = {
			isa = PBXVariantGroup;
			children = (
				41175AC2243FDB3C0072DF1F /* Base */,
			);
			name = Main.storyboard;
			sourceTree = "<group>";
		};
		41175AC6243FDB440072DF1F /* LaunchScreen.storyboard */ = {
			isa = PBXVariantGroup;
			children = (
				41175AC7243FDB440072DF1F /* Base */,
			);
			name = LaunchScreen.storyboard;
			sourceTree = "<group>";
		};
/* End PBXVariantGroup section */

/* Begin XCBuildConfiguration section */
		41175ACA243FDB440072DF1F /* Debug */ = {
			isa = XCBuildConfiguration;
			buildSettings = {
				ALWAYS_SEARCH_USER_PATHS = NO;
				CLANG_ANALYZER_NONNULL = YES;
				CLANG_ANALYZER_NUMBER_OBJECT_CONVERSION = YES_AGGRESSIVE;
				CLANG_CXX_LANGUAGE_STANDARD = "gnu++14";
				CLANG_CXX_LIBRARY = "libc++";
				CLANG_ENABLE_MODULES = YES;
				CLANG_ENABLE_OBJC_ARC = YES;
				CLANG_ENABLE_OBJC_WEAK = YES;
				CLANG_WARN_BLOCK_CAPTURE_AUTORELEASING = YES;
				CLANG_WARN_BOOL_CONVERSION = YES;
				CLANG_WARN_COMMA = YES;
				CLANG_WARN_CONSTANT_CONVERSION = YES;
				CLANG_WARN_DEPRECATED_OBJC_IMPLEMENTATIONS = YES;
				CLANG_WARN_DIRECT_OBJC_ISA_USAGE = YES_ERROR;
				CLANG_WARN_DOCUMENTATION_COMMENTS = YES;
				CLANG_WARN_EMPTY_BODY = YES;
				CLANG_WARN_ENUM_CONVERSION = YES;
				CLANG_WARN_INFINITE_RECURSION = YES;
				CLANG_WARN_INT_CONVERSION = YES;
				CLANG_WARN_NON_LITERAL_NULL_CONVERSION = YES;
				CLANG_WARN_OBJC_IMPLICIT_RETAIN_SELF = YES;
				CLANG_WARN_OBJC_LITERAL_CONVERSION = YES;
				CLANG_WARN_OBJC_ROOT_CLASS = YES_ERROR;
				CLANG_WARN_RANGE_LOOP_ANALYSIS = YES;
				CLANG_WARN_STRICT_PROTOTYPES = YES;
				CLANG_WARN_SUSPICIOUS_MOVE = YES;
				CLANG_WARN_UNGUARDED_AVAILABILITY = YES_AGGRESSIVE;
				CLANG_WARN_UNREACHABLE_CODE = YES;
				CLANG_WARN__DUPLICATE_METHOD_MATCH = YES;
				COPY_PHASE_STRIP = NO;
				DEBUG_INFORMATION_FORMAT = dwarf;
				ENABLE_STRICT_OBJC_MSGSEND = YES;
				ENABLE_TESTABILITY = YES;
				GCC_C_LANGUAGE_STANDARD = gnu11;
				GCC_DYNAMIC_NO_PIC = NO;
				GCC_NO_COMMON_BLOCKS = YES;
				GCC_OPTIMIZATION_LEVEL = 0;
				GCC_PREPROCESSOR_DEFINITIONS = (
					"DEBUG=1",
					"$(inherited)",
				);
				GCC_WARN_64_TO_32_BIT_CONVERSION = YES;
				GCC_WARN_ABOUT_RETURN_TYPE = YES_ERROR;
				GCC_WARN_UNDECLARED_SELECTOR = YES;
				GCC_WARN_UNINITIALIZED_AUTOS = YES_AGGRESSIVE;
				GCC_WARN_UNUSED_FUNCTION = YES;
				GCC_WARN_UNUSED_VARIABLE = YES;
				IPHONEOS_DEPLOYMENT_TARGET = 13.2;
				MTL_ENABLE_DEBUG_INFO = INCLUDE_SOURCE;
				MTL_FAST_MATH = YES;
				ONLY_ACTIVE_ARCH = YES;
				SDKROOT = iphoneos;
				SWIFT_ACTIVE_COMPILATION_CONDITIONS = DEBUG;
				SWIFT_OPTIMIZATION_LEVEL = "-Onone";
			};
			name = Debug;
		};
		41175ACB243FDB440072DF1F /* Release */ = {
			isa = XCBuildConfiguration;
			buildSettings = {
				ALWAYS_SEARCH_USER_PATHS = NO;
				CLANG_ANALYZER_NONNULL = YES;
				CLANG_ANALYZER_NUMBER_OBJECT_CONVERSION = YES_AGGRESSIVE;
				CLANG_CXX_LANGUAGE_STANDARD = "gnu++14";
				CLANG_CXX_LIBRARY = "libc++";
				CLANG_ENABLE_MODULES = YES;
				CLANG_ENABLE_OBJC_ARC = YES;
				CLANG_ENABLE_OBJC_WEAK = YES;
				CLANG_WARN_BLOCK_CAPTURE_AUTORELEASING = YES;
				CLANG_WARN_BOOL_CONVERSION = YES;
				CLANG_WARN_COMMA = YES;
				CLANG_WARN_CONSTANT_CONVERSION = YES;
				CLANG_WARN_DEPRECATED_OBJC_IMPLEMENTATIONS = YES;
				CLANG_WARN_DIRECT_OBJC_ISA_USAGE = YES_ERROR;
				CLANG_WARN_DOCUMENTATION_COMMENTS = YES;
				CLANG_WARN_EMPTY_BODY = YES;
				CLANG_WARN_ENUM_CONVERSION = YES;
				CLANG_WARN_INFINITE_RECURSION = YES;
				CLANG_WARN_INT_CONVERSION = YES;
				CLANG_WARN_NON_LITERAL_NULL_CONVERSION = YES;
				CLANG_WARN_OBJC_IMPLICIT_RETAIN_SELF = YES;
				CLANG_WARN_OBJC_LITERAL_CONVERSION = YES;
				CLANG_WARN_OBJC_ROOT_CLASS = YES_ERROR;
				CLANG_WARN_RANGE_LOOP_ANALYSIS = YES;
				CLANG_WARN_STRICT_PROTOTYPES = YES;
				CLANG_WARN_SUSPICIOUS_MOVE = YES;
				CLANG_WARN_UNGUARDED_AVAILABILITY = YES_AGGRESSIVE;
				CLANG_WARN_UNREACHABLE_CODE = YES;
				CLANG_WARN__DUPLICATE_METHOD_MATCH = YES;
				COPY_PHASE_STRIP = NO;
				DEBUG_INFORMATION_FORMAT = "dwarf-with-dsym";
				ENABLE_NS_ASSERTIONS = NO;
				ENABLE_STRICT_OBJC_MSGSEND = YES;
				GCC_C_LANGUAGE_STANDARD = gnu11;
				GCC_NO_COMMON_BLOCKS = YES;
				GCC_WARN_64_TO_32_BIT_CONVERSION = YES;
				GCC_WARN_ABOUT_RETURN_TYPE = YES_ERROR;
				GCC_WARN_UNDECLARED_SELECTOR = YES;
				GCC_WARN_UNINITIALIZED_AUTOS = YES_AGGRESSIVE;
				GCC_WARN_UNUSED_FUNCTION = YES;
				GCC_WARN_UNUSED_VARIABLE = YES;
				IPHONEOS_DEPLOYMENT_TARGET = 13.2;
				MTL_ENABLE_DEBUG_INFO = NO;
				MTL_FAST_MATH = YES;
				SDKROOT = iphoneos;
				SWIFT_COMPILATION_MODE = wholemodule;
				SWIFT_OPTIMIZATION_LEVEL = "-O";
				VALIDATE_PRODUCT = YES;
			};
			name = Release;
		};
		41175ACD243FDB440072DF1F /* Debug */ = {
			isa = XCBuildConfiguration;
			buildSettings = {
				ASSETCATALOG_COMPILER_APPICON_NAME = AppIcon;
				CODE_SIGN_STYLE = Automatic;
				DEVELOPMENT_TEAM = BQK92PQ59V;
				INFOPLIST_FILE = TheFood/Info.plist;
				LD_RUNPATH_SEARCH_PATHS = (
					"$(inherited)",
					"@executable_path/Frameworks",
				);
				PRODUCT_BUNDLE_IDENTIFIER = co.nenadmatic.TheFood;
				PRODUCT_NAME = "$(TARGET_NAME)";
				SWIFT_VERSION = 5.0;
				TARGETED_DEVICE_FAMILY = "1,2";
			};
			name = Debug;
		};
		41175ACE243FDB440072DF1F /* Release */ = {
			isa = XCBuildConfiguration;
			buildSettings = {
				ASSETCATALOG_COMPILER_APPICON_NAME = AppIcon;
				CODE_SIGN_STYLE = Automatic;
				DEVELOPMENT_TEAM = BQK92PQ59V;
				INFOPLIST_FILE = TheFood/Info.plist;
				LD_RUNPATH_SEARCH_PATHS = (
					"$(inherited)",
					"@executable_path/Frameworks",
				);
				PRODUCT_BUNDLE_IDENTIFIER = co.nenadmatic.TheFood;
				PRODUCT_NAME = "$(TARGET_NAME)";
				SWIFT_VERSION = 5.0;
				TARGETED_DEVICE_FAMILY = "1,2";
			};
			name = Release;
		};
/* End XCBuildConfiguration section */

/* Begin XCConfigurationList section */
		41175AB3243FDB3C0072DF1F /* Build configuration list for PBXProject "TheFood" */ = {
			isa = XCConfigurationList;
			buildConfigurations = (
				41175ACA243FDB440072DF1F /* Debug */,
				41175ACB243FDB440072DF1F /* Release */,
			);
			defaultConfigurationIsVisible = 0;
			defaultConfigurationName = Release;
		};
		41175ACC243FDB440072DF1F /* Build configuration list for PBXNativeTarget "TheFood" */ = {
			isa = XCConfigurationList;
			buildConfigurations = (
				41175ACD243FDB440072DF1F /* Debug */,
				41175ACE243FDB440072DF1F /* Release */,
			);
			defaultConfigurationIsVisible = 0;
			defaultConfigurationName = Release;
		};
/* End XCConfigurationList section */
	};
	rootObject = 41175AB0243FDB3C0072DF1F /* Project object */;
}
